
Microsoft Visual Studio Solution File, Format Version 12.00
# Visual Studio 15
VisualStudioVersion = 15.0.28307.1145
MinimumVisualStudioVersion = 10.0.40219.1
Project("{FAE04EC0-301F-11D3-BF4B-00C04F79EFBC}") = "Products", "Products\Products.csproj", "{BB4155FE-FDB0-4B9F-8C31-47CA405A7BF8}"
EndProject
Global
	GlobalSection(SolutionConfigurationPlatforms) = preSolution
		Debug|Any CPU = Debug|Any CPU
		Release|Any CPU = Release|Any CPU
	EndGlobalSection
	GlobalSection(ProjectConfigurationPlatforms) = postSolution
		{BB4155FE-FDB0-4B9F-8C31-47CA405A7BF8}.Debug|Any CPU.ActiveCfg = Debug|Any CPU
		{BB4155FE-FDB0-4B9F-8C31-47CA405A7BF8}.Debug|Any CPU.Build.0 = Debug|Any CPU
		{BB4155FE-FDB0-4B9F-8C31-47CA405A7BF8}.Release|Any CPU.ActiveCfg = Release|Any CPU
		{BB4155FE-FDB0-4B9F-8C31-47CA405A7BF8}.Release|Any CPU.Build.0 = Release|Any CPU
	EndGlobalSection
	GlobalSection(SolutionProperties) = preSolution
		HideSolutionNode = FALSE
	EndGlobalSection
	GlobalSection(ExtensibilityGlobals) = postSolution
		SolutionGuid = {79E379C8-301D-4DCA-B89F-59AEF9A748C9}
	EndGlobalSection
EndGlobal
